
Microsoft Visual Studio Solution File, Format Version 12.00
# Visual Studio Version 16
VisualStudioVersion = 16.0.31129.286
MinimumVisualStudioVersion = 10.0.40219.1
Project("{FAE04EC0-301F-11D3-BF4B-00C04F79EFBC}") = "WebAPI", "WebAPI.csproj", "{8342D0AE-A5C6-4D1C-AE37-7805118FB4B9}"
EndProject
Global
	GlobalSection(SolutionConfigurationPlatforms) = preSolution
		Debug|Any CPU = Debug|Any CPU
		Release|Any CPU = Release|Any CPU
	EndGlobalSection
	GlobalSection(ProjectConfigurationPlatforms) = postSolution
		{8342D0AE-A5C6-4D1C-AE37-7805118FB4B9}.Debug|Any CPU.ActiveCfg = Debug|Any CPU
		{8342D0AE-A5C6-4D1C-AE37-7805118FB4B9}.Debug|Any CPU.Build.0 = Debug|Any CPU
		{8342D0AE-A5C6-4D1C-AE37-7805118FB4B9}.Release|Any CPU.ActiveCfg = Release|Any CPU
		{8342D0AE-A5C6-4D1C-AE37-7805118FB4B9}.Release|Any CPU.Build.0 = Release|Any CPU
	EndGlobalSection
	GlobalSection(SolutionProperties) = preSolution
		HideSolutionNode = FALSE
	EndGlobalSection
	GlobalSection(ExtensibilityGlobals) = postSolution
		SolutionGuid = {64E74A7B-981A-43E8-98B8-621702A44815}
	EndGlobalSection
EndGlobal
